// !$*UTF8*$!
{
	archiveVersion = 1;
	classes = {
	};
	objectVersion = 55;
	objects = {

/* Begin PBXBuildFile section */
		5D07C92A286F20B0009DE34B /* InteractiveGridApp.swift in Sources */ = {isa = PBXBuildFile; fileRef = 5D07C929286F20B0009DE34B /* InteractiveGridApp.swift */; };
		5D07C92C286F20B0009DE34B /* ContentView.swift in Sources */ = {isa = PBXBuildFile; fileRef = 5D07C92B286F20B0009DE34B /* ContentView.swift */; };
		5D07C92E286F20B0009DE34B /* Assets.xcassets in Resources */ = {isa = PBXBuildFile; fileRef = 5D07C92D286F20B0009DE34B /* Assets.xcassets */; };
		5D07C932286F20B0009DE34B /* Preview Assets.xcassets in Resources */ = {isa = PBXBuildFile; fileRef = 5D07C931286F20B0009DE34B /* Preview Assets.xcassets */; };
		5D07C937286F2476009DE34B /* Model.swift in Sources */ = {isa = PBXBuildFile; fileRef = 5D07C936286F2476009DE34B /* Model.swift */; };
		5D07C93B286F2810009DE34B /* Collections in Frameworks */ = {isa = PBXBuildFile; productRef = 5D07C93A286F2810009DE34B /* Collections */; };
		5D34175A294FA57200654BA6 /* Algorithms in Frameworks */ = {isa = PBXBuildFile; productRef = 5D341759294FA57200654BA6 /* Algorithms */; };
		5D341762294FB24F00654BA6 /* DefaultDynamicLayoutGroupProvider+DragStateChangeTest.swift in Sources */ = {isa = PBXBuildFile; fileRef = 5D341761294FB24F00654BA6 /* DefaultDynamicLayoutGroupProvider+DragStateChangeTest.swift */; };
		5D42D9F4270BDF350055D1E4 /* Assets.xcassets in Resources */ = {isa = PBXBuildFile; fileRef = 5D42D9F3270BDF350055D1E4 /* Assets.xcassets */; };
		5D42D9F7270BDF350055D1E4 /* Preview Assets.xcassets in Resources */ = {isa = PBXBuildFile; fileRef = 5D42D9F6270BDF350055D1E4 /* Preview Assets.xcassets */; };
		5D42DA13270BE00D0055D1E4 /* DefaultDynamicLayoutGroupProvider.swift in Sources */ = {isa = PBXBuildFile; fileRef = 5D42DA0D270BE00C0055D1E4 /* DefaultDynamicLayoutGroupProvider.swift */; };
		5D42DA14270BE00D0055D1E4 /* DynamicLayoutGroupProvider.swift in Sources */ = {isa = PBXBuildFile; fileRef = 5D42DA0E270BE00D0055D1E4 /* DynamicLayoutGroupProvider.swift */; };
		5D42DA15270BE00D0055D1E4 /* InteractiveGridViewControllerRepresentable.swift in Sources */ = {isa = PBXBuildFile; fileRef = 5D42DA0F270BE00D0055D1E4 /* InteractiveGridViewControllerRepresentable.swift */; };
		5D42DA16270BE00D0055D1E4 /* InteractiveGridViewController.swift in Sources */ = {isa = PBXBuildFile; fileRef = 5D42DA10270BE00D0055D1E4 /* InteractiveGridViewController.swift */; };
		5D42DA17270BE00D0055D1E4 /* Model.swift in Sources */ = {isa = PBXBuildFile; fileRef = 5D42DA11270BE00D0055D1E4 /* Model.swift */; };
		5D42DA18270BE00D0055D1E4 /* GridCollectionViewCell.swift in Sources */ = {isa = PBXBuildFile; fileRef = 5D42DA12270BE00D0055D1E4 /* GridCollectionViewCell.swift */; };
		5D42DA1C270BE0440055D1E4 /* ContentView.swift in Sources */ = {isa = PBXBuildFile; fileRef = 5D42DA1B270BE0440055D1E4 /* ContentView.swift */; };
		5D42DA1E270BE0560055D1E4 /* InteractiveGridApp.swift in Sources */ = {isa = PBXBuildFile; fileRef = 5D42DA1D270BE0560055D1E4 /* InteractiveGridApp.swift */; };
		5D5697A2295D378100D9CCB8 /* visualLayout.txt in Resources */ = {isa = PBXBuildFile; fileRef = 5D5697A1295D378100D9CCB8 /* visualLayout.txt */; };
		5D6FD1E9286F6F6C008F2487 /* main.swift in Sources */ = {isa = PBXBuildFile; fileRef = 5D6FD1E8286F6F6C008F2487 /* main.swift */; };
		5D6FD1EF286F6FBD008F2487 /* Collections in Frameworks */ = {isa = PBXBuildFile; productRef = 5D6FD1EE286F6FBD008F2487 /* Collections */; };
		5D6FD1F2286F7001008F2487 /* Algorithms in Frameworks */ = {isa = PBXBuildFile; productRef = 5D6FD1F1286F7001008F2487 /* Algorithms */; };
		5D8E4618295F2CDA0026E6FD /* DefaultDynamicLayoutGroupProvider+DragStateChangeVisualLayoutProviderTest.swift in Sources */ = {isa = PBXBuildFile; fileRef = 5D8E4617295F2CDA0026E6FD /* DefaultDynamicLayoutGroupProvider+DragStateChangeVisualLayoutProviderTest.swift */; };
		5D8E461A295F2D980026E6FD /* TestModel.swift in Sources */ = {isa = PBXBuildFile; fileRef = 5D8E4619295F2D980026E6FD /* TestModel.swift */; };
		5D921DDE2853FF59007C0EE4 /* GridCell.swift in Sources */ = {isa = PBXBuildFile; fileRef = 5D921DDD2853FF59007C0EE4 /* GridCell.swift */; };
		5DA31B7F29540658004F5C97 /* DefaultDynamicLayoutGroupProvider+DragStateChange.swift in Sources */ = {isa = PBXBuildFile; fileRef = 5DA31B7E29540658004F5C97 /* DefaultDynamicLayoutGroupProvider+DragStateChange.swift */; };
		5DAFABDC286F91BA00D72C07 /* Algorithms in Frameworks */ = {isa = PBXBuildFile; productRef = 5DAFABDB286F91BA00D72C07 /* Algorithms */; };
		5DDC6446270DDFDD0059AA6D /* README.md in Resources */ = {isa = PBXBuildFile; fileRef = 5DDC6445270DDFDD0059AA6D /* README.md */; };
		5DEA5342295E829A00F41564 /* DragStateChangeTestRunProvider.swift in Sources */ = {isa = PBXBuildFile; fileRef = 5DEA5341295E829A00F41564 /* DragStateChangeTestRunProvider.swift */; };
		5DEA5344295E82CE00F41564 /* DragStateChangeTestRunVisualLayoutProvider.swift in Sources */ = {isa = PBXBuildFile; fileRef = 5DEA5343295E82CE00F41564 /* DragStateChangeTestRunVisualLayoutProvider.swift */; };
		5DEA5346295E83EA00F41564 /* TestDescription.swift in Sources */ = {isa = PBXBuildFile; fileRef = 5DEA5345295E83EA00F41564 /* TestDescription.swift */; };
/* End PBXBuildFile section */

/* Begin PBXContainerItemProxy section */
		5D341763294FB24F00654BA6 /* PBXContainerItemProxy */ = {
			isa = PBXContainerItemProxy;
			containerPortal = 5D42D9E4270BDF340055D1E4 /* Project object */;
			proxyType = 1;
			remoteGlobalIDString = 5D42D9EB270BDF340055D1E4;
			remoteInfo = "InteractiveGrid-UIKit";
		};
/* End PBXContainerItemProxy section */

/* Begin PBXCopyFilesBuildPhase section */
		5D6FD1E4286F6F6C008F2487 /* CopyFiles */ = {
			isa = PBXCopyFilesBuildPhase;
			buildActionMask = 2147483647;
			dstPath = /usr/share/man/man1/;
			dstSubfolderSpec = 0;
			files = (
			);
			runOnlyForDeploymentPostprocessing = 1;
		};
/* End PBXCopyFilesBuildPhase section */

/* Begin PBXFileReference section */
		5D07C927286F20B0009DE34B /* InteractiveGrid-SwiftUI.app */ = {isa = PBXFileReference; explicitFileType = wrapper.application; includeInIndex = 0; path = "InteractiveGrid-SwiftUI.app"; sourceTree = BUILT_PRODUCTS_DIR; };
		5D07C929286F20B0009DE34B /* InteractiveGridApp.swift */ = {isa = PBXFileReference; lastKnownFileType = sourcecode.swift; path = InteractiveGridApp.swift; sourceTree = "<group>"; };
		5D07C92B286F20B0009DE34B /* ContentView.swift */ = {isa = PBXFileReference; lastKnownFileType = sourcecode.swift; path = ContentView.swift; sourceTree = "<group>"; };
		5D07C92D286F20B0009DE34B /* Assets.xcassets */ = {isa = PBXFileReference; lastKnownFileType = folder.assetcatalog; path = Assets.xcassets; sourceTree = "<group>"; };
		5D07C92F286F20B0009DE34B /* InteractiveGrid_SwiftUI.entitlements */ = {isa = PBXFileReference; lastKnownFileType = text.plist.entitlements; path = InteractiveGrid_SwiftUI.entitlements; sourceTree = "<group>"; };
		5D07C931286F20B0009DE34B /* Preview Assets.xcassets */ = {isa = PBXFileReference; lastKnownFileType = folder.assetcatalog; path = "Preview Assets.xcassets"; sourceTree = "<group>"; };
		5D07C936286F2476009DE34B /* Model.swift */ = {isa = PBXFileReference; lastKnownFileType = sourcecode.swift; path = Model.swift; sourceTree = "<group>"; };
		5D34175F294FB24F00654BA6 /* InteractiveGrid-UIKitTests.xctest */ = {isa = PBXFileReference; explicitFileType = wrapper.cfbundle; includeInIndex = 0; path = "InteractiveGrid-UIKitTests.xctest"; sourceTree = BUILT_PRODUCTS_DIR; };
		5D341761294FB24F00654BA6 /* DefaultDynamicLayoutGroupProvider+DragStateChangeTest.swift */ = {isa = PBXFileReference; lastKnownFileType = sourcecode.swift; path = "DefaultDynamicLayoutGroupProvider+DragStateChangeTest.swift"; sourceTree = "<group>"; };
		5D42D9EC270BDF340055D1E4 /* InteractiveGrid-UIKit.app */ = {isa = PBXFileReference; explicitFileType = wrapper.application; includeInIndex = 0; path = "InteractiveGrid-UIKit.app"; sourceTree = BUILT_PRODUCTS_DIR; };
		5D42D9F3270BDF350055D1E4 /* Assets.xcassets */ = {isa = PBXFileReference; lastKnownFileType = folder.assetcatalog; path = Assets.xcassets; sourceTree = "<group>"; };
		5D42D9F6270BDF350055D1E4 /* Preview Assets.xcassets */ = {isa = PBXFileReference; lastKnownFileType = folder.assetcatalog; path = "Preview Assets.xcassets"; sourceTree = "<group>"; };
		5D42DA0D270BE00C0055D1E4 /* DefaultDynamicLayoutGroupProvider.swift */ = {isa = PBXFileReference; fileEncoding = 4; lastKnownFileType = sourcecode.swift; path = DefaultDynamicLayoutGroupProvider.swift; sourceTree = "<group>"; };
		5D42DA0E270BE00D0055D1E4 /* DynamicLayoutGroupProvider.swift */ = {isa = PBXFileReference; fileEncoding = 4; lastKnownFileType = sourcecode.swift; path = DynamicLayoutGroupProvider.swift; sourceTree = "<group>"; };
		5D42DA0F270BE00D0055D1E4 /* InteractiveGridViewControllerRepresentable.swift */ = {isa = PBXFileReference; fileEncoding = 4; lastKnownFileType = sourcecode.swift; path = InteractiveGridViewControllerRepresentable.swift; sourceTree = "<group>"; };
		5D42DA10270BE00D0055D1E4 /* InteractiveGridViewController.swift */ = {isa = PBXFileReference; fileEncoding = 4; lastKnownFileType = sourcecode.swift; path = InteractiveGridViewController.swift; sourceTree = "<group>"; };
		5D42DA11270BE00D0055D1E4 /* Model.swift */ = {isa = PBXFileReference; fileEncoding = 4; lastKnownFileType = sourcecode.swift; path = Model.swift; sourceTree = "<group>"; };
		5D42DA12270BE00D0055D1E4 /* GridCollectionViewCell.swift */ = {isa = PBXFileReference; fileEncoding = 4; lastKnownFileType = sourcecode.swift; path = GridCollectionViewCell.swift; sourceTree = "<group>"; };
		5D42DA1B270BE0440055D1E4 /* ContentView.swift */ = {isa = PBXFileReference; fileEncoding = 4; lastKnownFileType = sourcecode.swift; path = ContentView.swift; sourceTree = "<group>"; };
		5D42DA1D270BE0560055D1E4 /* InteractiveGridApp.swift */ = {isa = PBXFileReference; fileEncoding = 4; lastKnownFileType = sourcecode.swift; path = InteractiveGridApp.swift; sourceTree = "<group>"; };
		5D5697A1295D378100D9CCB8 /* visualLayout.txt */ = {isa = PBXFileReference; lastKnownFileType = text; path = visualLayout.txt; sourceTree = "<group>"; };
		5D6FD1E6286F6F6C008F2487 /* Playground */ = {isa = PBXFileReference; explicitFileType = "compiled.mach-o.executable"; includeInIndex = 0; path = Playground; sourceTree = BUILT_PRODUCTS_DIR; };
		5D6FD1E8286F6F6C008F2487 /* main.swift */ = {isa = PBXFileReference; lastKnownFileType = sourcecode.swift; path = main.swift; sourceTree = "<group>"; };
		5D8E4617295F2CDA0026E6FD /* DefaultDynamicLayoutGroupProvider+DragStateChangeVisualLayoutProviderTest.swift */ = {isa = PBXFileReference; lastKnownFileType = sourcecode.swift; path = "DefaultDynamicLayoutGroupProvider+DragStateChangeVisualLayoutProviderTest.swift"; sourceTree = "<group>"; };
		5D8E4619295F2D980026E6FD /* TestModel.swift */ = {isa = PBXFileReference; lastKnownFileType = sourcecode.swift; path = TestModel.swift; sourceTree = "<group>"; };
		5D921DDD2853FF59007C0EE4 /* GridCell.swift */ = {isa = PBXFileReference; lastKnownFileType = sourcecode.swift; path = GridCell.swift; sourceTree = "<group>"; };
		5DA31B7E29540658004F5C97 /* DefaultDynamicLayoutGroupProvider+DragStateChange.swift */ = {isa = PBXFileReference; lastKnownFileType = sourcecode.swift; path = "DefaultDynamicLayoutGroupProvider+DragStateChange.swift"; sourceTree = "<group>"; };
		5DDC6445270DDFDD0059AA6D /* README.md */ = {isa = PBXFileReference; fileEncoding = 4; lastKnownFileType = net.daringfireball.markdown; name = README.md; path = ../README.md; sourceTree = "<group>"; };
		5DEA5341295E829A00F41564 /* DragStateChangeTestRunProvider.swift */ = {isa = PBXFileReference; lastKnownFileType = sourcecode.swift; path = DragStateChangeTestRunProvider.swift; sourceTree = "<group>"; };
		5DEA5343295E82CE00F41564 /* DragStateChangeTestRunVisualLayoutProvider.swift */ = {isa = PBXFileReference; lastKnownFileType = sourcecode.swift; path = DragStateChangeTestRunVisualLayoutProvider.swift; sourceTree = "<group>"; };
		5DEA5345295E83EA00F41564 /* TestDescription.swift */ = {isa = PBXFileReference; lastKnownFileType = sourcecode.swift; path = TestDescription.swift; sourceTree = "<group>"; };
/* End PBXFileReference section */

/* Begin PBXFrameworksBuildPhase section */
		5D07C924286F20B0009DE34B /* Frameworks */ = {
			isa = PBXFrameworksBuildPhase;
			buildActionMask = 2147483647;
			files = (
				5DAFABDC286F91BA00D72C07 /* Algorithms in Frameworks */,
			);
			runOnlyForDeploymentPostprocessing = 0;
		};
		5D34175C294FB24F00654BA6 /* Frameworks */ = {
			isa = PBXFrameworksBuildPhase;
			buildActionMask = 2147483647;
			files = (
			);
			runOnlyForDeploymentPostprocessing = 0;
		};
		5D42D9E9270BDF340055D1E4 /* Frameworks */ = {
			isa = PBXFrameworksBuildPhase;
			buildActionMask = 2147483647;
			files = (
				5D34175A294FA57200654BA6 /* Algorithms in Frameworks */,
				5D07C93B286F2810009DE34B /* Collections in Frameworks */,
			);
			runOnlyForDeploymentPostprocessing = 0;
		};
		5D6FD1E3286F6F6C008F2487 /* Frameworks */ = {
			isa = PBXFrameworksBuildPhase;
			buildActionMask = 2147483647;
			files = (
				5D6FD1F2286F7001008F2487 /* Algorithms in Frameworks */,
				5D6FD1EF286F6FBD008F2487 /* Collections in Frameworks */,
			);
			runOnlyForDeploymentPostprocessing = 0;
		};
/* End PBXFrameworksBuildPhase section */

/* Begin PBXGroup section */
		5D07C928286F20B0009DE34B /* InteractiveGrid-SwiftUI */ = {
			isa = PBXGroup;
			children = (
				5D07C929286F20B0009DE34B /* InteractiveGridApp.swift */,
				5D07C92B286F20B0009DE34B /* ContentView.swift */,
				5D07C936286F2476009DE34B /* Model.swift */,
				5D07C92D286F20B0009DE34B /* Assets.xcassets */,
				5D07C92F286F20B0009DE34B /* InteractiveGrid_SwiftUI.entitlements */,
				5D07C930286F20B0009DE34B /* Preview Content */,
			);
			path = "InteractiveGrid-SwiftUI";
			sourceTree = "<group>";
		};
		5D07C930286F20B0009DE34B /* Preview Content */ = {
			isa = PBXGroup;
			children = (
				5D07C931286F20B0009DE34B /* Preview Assets.xcassets */,
			);
			path = "Preview Content";
			sourceTree = "<group>";
		};
		5D341760294FB24F00654BA6 /* InteractiveGrid-UIKitTests */ = {
			isa = PBXGroup;
			children = (
				5D341761294FB24F00654BA6 /* DefaultDynamicLayoutGroupProvider+DragStateChangeTest.swift */,
				5D8E4619295F2D980026E6FD /* TestModel.swift */,
				5D8E4617295F2CDA0026E6FD /* DefaultDynamicLayoutGroupProvider+DragStateChangeVisualLayoutProviderTest.swift */,
				5DEA5341295E829A00F41564 /* DragStateChangeTestRunProvider.swift */,
				5DEA5343295E82CE00F41564 /* DragStateChangeTestRunVisualLayoutProvider.swift */,
				5DEA5345295E83EA00F41564 /* TestDescription.swift */,
				5D5697A1295D378100D9CCB8 /* visualLayout.txt */,
			);
			path = "InteractiveGrid-UIKitTests";
			sourceTree = "<group>";
		};
		5D42D9E3270BDF340055D1E4 = {
			isa = PBXGroup;
			children = (
				5DDC6445270DDFDD0059AA6D /* README.md */,
				5D42D9EE270BDF340055D1E4 /* InteractiveGrid-UIKit */,
				5D341760294FB24F00654BA6 /* InteractiveGrid-UIKitTests */,
				5D07C928286F20B0009DE34B /* InteractiveGrid-SwiftUI */,
				5D6FD1E7286F6F6C008F2487 /* Playground */,
				5D42D9ED270BDF340055D1E4 /* Products */,
				5D6FD1ED286F6FBD008F2487 /* Frameworks */,
			);
			sourceTree = "<group>";
		};
		5D42D9ED270BDF340055D1E4 /* Products */ = {
			isa = PBXGroup;
			children = (
				5D42D9EC270BDF340055D1E4 /* InteractiveGrid-UIKit.app */,
				5D07C927286F20B0009DE34B /* InteractiveGrid-SwiftUI.app */,
				5D6FD1E6286F6F6C008F2487 /* Playground */,
				5D34175F294FB24F00654BA6 /* InteractiveGrid-UIKitTests.xctest */,
			);
			name = Products;
			sourceTree = "<group>";
		};
		5D42D9EE270BDF340055D1E4 /* InteractiveGrid-UIKit */ = {
			isa = PBXGroup;
			children = (
				5D42DA1D270BE0560055D1E4 /* InteractiveGridApp.swift */,
				5D42DA1B270BE0440055D1E4 /* ContentView.swift */,
				5D42DA10270BE00D0055D1E4 /* InteractiveGridViewController.swift */,
				5D42DA0F270BE00D0055D1E4 /* InteractiveGridViewControllerRepresentable.swift */,
				5D42DA0E270BE00D0055D1E4 /* DynamicLayoutGroupProvider.swift */,
				5D42DA0D270BE00C0055D1E4 /* DefaultDynamicLayoutGroupProvider.swift */,
				5DA31B7E29540658004F5C97 /* DefaultDynamicLayoutGroupProvider+DragStateChange.swift */,
				5D42DA12270BE00D0055D1E4 /* GridCollectionViewCell.swift */,
				5D921DDD2853FF59007C0EE4 /* GridCell.swift */,
				5D42DA11270BE00D0055D1E4 /* Model.swift */,
				5D42D9F3270BDF350055D1E4 /* Assets.xcassets */,
				5D42D9F5270BDF350055D1E4 /* Preview Content */,
			);
			path = "InteractiveGrid-UIKit";
			sourceTree = "<group>";
		};
		5D42D9F5270BDF350055D1E4 /* Preview Content */ = {
			isa = PBXGroup;
			children = (
				5D42D9F6270BDF350055D1E4 /* Preview Assets.xcassets */,
			);
			path = "Preview Content";
			sourceTree = "<group>";
		};
		5D6FD1E7286F6F6C008F2487 /* Playground */ = {
			isa = PBXGroup;
			children = (
				5D6FD1E8286F6F6C008F2487 /* main.swift */,
			);
			path = Playground;
			sourceTree = "<group>";
		};
		5D6FD1ED286F6FBD008F2487 /* Frameworks */ = {
			isa = PBXGroup;
			children = (
			);
			name = Frameworks;
			sourceTree = "<group>";
		};
/* End PBXGroup section */

/* Begin PBXNativeTarget section */
		5D07C926286F20B0009DE34B /* InteractiveGrid-SwiftUI */ = {
			isa = PBXNativeTarget;
			buildConfigurationList = 5D07C933286F20B0009DE34B /* Build configuration list for PBXNativeTarget "InteractiveGrid-SwiftUI" */;
			buildPhases = (
				5D07C923286F20B0009DE34B /* Sources */,
				5D07C924286F20B0009DE34B /* Frameworks */,
				5D07C925286F20B0009DE34B /* Resources */,
			);
			buildRules = (
			);
			dependencies = (
			);
			name = "InteractiveGrid-SwiftUI";
			packageProductDependencies = (
				5DAFABDB286F91BA00D72C07 /* Algorithms */,
			);
			productName = "InteractiveGrid-SwiftUI";
			productReference = 5D07C927286F20B0009DE34B /* InteractiveGrid-SwiftUI.app */;
			productType = "com.apple.product-type.application";
		};
		5D34175E294FB24F00654BA6 /* InteractiveGrid-UIKitTests */ = {
			isa = PBXNativeTarget;
			buildConfigurationList = 5D341765294FB24F00654BA6 /* Build configuration list for PBXNativeTarget "InteractiveGrid-UIKitTests" */;
			buildPhases = (
				5D34175B294FB24F00654BA6 /* Sources */,
				5D34175C294FB24F00654BA6 /* Frameworks */,
				5D34175D294FB24F00654BA6 /* Resources */,
			);
			buildRules = (
			);
			dependencies = (
				5D341764294FB24F00654BA6 /* PBXTargetDependency */,
			);
			name = "InteractiveGrid-UIKitTests";
			productName = "InteractiveGrid-UIKitTests";
			productReference = 5D34175F294FB24F00654BA6 /* InteractiveGrid-UIKitTests.xctest */;
			productType = "com.apple.product-type.bundle.unit-test";
		};
		5D42D9EB270BDF340055D1E4 /* InteractiveGrid-UIKit */ = {
			isa = PBXNativeTarget;
			buildConfigurationList = 5D42D9FA270BDF350055D1E4 /* Build configuration list for PBXNativeTarget "InteractiveGrid-UIKit" */;
			buildPhases = (
				5D42D9E8270BDF340055D1E4 /* Sources */,
				5D42D9E9270BDF340055D1E4 /* Frameworks */,
				5D42D9EA270BDF340055D1E4 /* Resources */,
			);
			buildRules = (
			);
			dependencies = (
			);
			name = "InteractiveGrid-UIKit";
			packageProductDependencies = (
				5D07C93A286F2810009DE34B /* Collections */,
				5D341759294FA57200654BA6 /* Algorithms */,
			);
			productName = InteractiveGrid;
			productReference = 5D42D9EC270BDF340055D1E4 /* InteractiveGrid-UIKit.app */;
			productType = "com.apple.product-type.application";
		};
		5D6FD1E5286F6F6C008F2487 /* Playground */ = {
			isa = PBXNativeTarget;
			buildConfigurationList = 5D6FD1EC286F6F6C008F2487 /* Build configuration list for PBXNativeTarget "Playground" */;
			buildPhases = (
				5D6FD1E2286F6F6C008F2487 /* Sources */,
				5D6FD1E3286F6F6C008F2487 /* Frameworks */,
				5D6FD1E4286F6F6C008F2487 /* CopyFiles */,
			);
			buildRules = (
			);
			dependencies = (
			);
			name = Playground;
			packageProductDependencies = (
				5D6FD1EE286F6FBD008F2487 /* Collections */,
				5D6FD1F1286F7001008F2487 /* Algorithms */,
			);
			productName = Playground;
			productReference = 5D6FD1E6286F6F6C008F2487 /* Playground */;
			productType = "com.apple.product-type.tool";
		};
/* End PBXNativeTarget section */

/* Begin PBXProject section */
		5D42D9E4270BDF340055D1E4 /* Project object */ = {
			isa = PBXProject;
			attributes = {
				BuildIndependentTargetsInParallel = 1;
				LastSwiftUpdateCheck = 1420;
				LastUpgradeCheck = 1400;
				TargetAttributes = {
					5D07C926286F20B0009DE34B = {
						CreatedOnToolsVersion = 14.0;
					};
					5D34175E294FB24F00654BA6 = {
						CreatedOnToolsVersion = 14.2;
						TestTargetID = 5D42D9EB270BDF340055D1E4;
					};
					5D42D9EB270BDF340055D1E4 = {
						CreatedOnToolsVersion = 13.0;
						LastSwiftMigration = 1300;
					};
					5D6FD1E5286F6F6C008F2487 = {
						CreatedOnToolsVersion = 14.0;
					};
				};
			};
			buildConfigurationList = 5D42D9E7270BDF340055D1E4 /* Build configuration list for PBXProject "InteractiveGrid" */;
			compatibilityVersion = "Xcode 13.0";
			developmentRegion = en;
			hasScannedForEncodings = 0;
			knownRegions = (
				en,
				Base,
			);
			mainGroup = 5D42D9E3270BDF340055D1E4;
			packageReferences = (
				5D07C939286F2810009DE34B /* XCRemoteSwiftPackageReference "swift-collections" */,
				5D6FD1F0286F7001008F2487 /* XCRemoteSwiftPackageReference "swift-algorithms" */,
			);
			productRefGroup = 5D42D9ED270BDF340055D1E4 /* Products */;
			projectDirPath = "";
			projectRoot = "";
			targets = (
				5D42D9EB270BDF340055D1E4 /* InteractiveGrid-UIKit */,
				5D07C926286F20B0009DE34B /* InteractiveGrid-SwiftUI */,
				5D6FD1E5286F6F6C008F2487 /* Playground */,
				5D34175E294FB24F00654BA6 /* InteractiveGrid-UIKitTests */,
			);
		};
/* End PBXProject section */

/* Begin PBXResourcesBuildPhase section */
		5D07C925286F20B0009DE34B /* Resources */ = {
			isa = PBXResourcesBuildPhase;
			buildActionMask = 2147483647;
			files = (
				5D07C932286F20B0009DE34B /* Preview Assets.xcassets in Resources */,
				5D07C92E286F20B0009DE34B /* Assets.xcassets in Resources */,
			);
			runOnlyForDeploymentPostprocessing = 0;
		};
		5D34175D294FB24F00654BA6 /* Resources */ = {
			isa = PBXResourcesBuildPhase;
			buildActionMask = 2147483647;
			files = (
				5D5697A2295D378100D9CCB8 /* visualLayout.txt in Resources */,
			);
			runOnlyForDeploymentPostprocessing = 0;
		};
		5D42D9EA270BDF340055D1E4 /* Resources */ = {
			isa = PBXResourcesBuildPhase;
			buildActionMask = 2147483647;
			files = (
				5DDC6446270DDFDD0059AA6D /* README.md in Resources */,
				5D42D9F7270BDF350055D1E4 /* Preview Assets.xcassets in Resources */,
				5D42D9F4270BDF350055D1E4 /* Assets.xcassets in Resources */,
			);
			runOnlyForDeploymentPostprocessing = 0;
		};
/* End PBXResourcesBuildPhase section */

/* Begin PBXSourcesBuildPhase section */
		5D07C923286F20B0009DE34B /* Sources */ = {
			isa = PBXSourcesBuildPhase;
			buildActionMask = 2147483647;
			files = (
				5D07C937286F2476009DE34B /* Model.swift in Sources */,
				5D07C92C286F20B0009DE34B /* ContentView.swift in Sources */,
				5D07C92A286F20B0009DE34B /* InteractiveGridApp.swift in Sources */,
			);
			runOnlyForDeploymentPostprocessing = 0;
		};
		5D34175B294FB24F00654BA6 /* Sources */ = {
			isa = PBXSourcesBuildPhase;
			buildActionMask = 2147483647;
			files = (
				5DEA5346295E83EA00F41564 /* TestDescription.swift in Sources */,
				5D8E4618295F2CDA0026E6FD /* DefaultDynamicLayoutGroupProvider+DragStateChangeVisualLayoutProviderTest.swift in Sources */,
				5DEA5342295E829A00F41564 /* DragStateChangeTestRunProvider.swift in Sources */,
				5D341762294FB24F00654BA6 /* DefaultDynamicLayoutGroupProvider+DragStateChangeTest.swift in Sources */,
				5D8E461A295F2D980026E6FD /* TestModel.swift in Sources */,
				5DEA5344295E82CE00F41564 /* DragStateChangeTestRunVisualLayoutProvider.swift in Sources */,
			);
			runOnlyForDeploymentPostprocessing = 0;
		};
		5D42D9E8270BDF340055D1E4 /* Sources */ = {
			isa = PBXSourcesBuildPhase;
			buildActionMask = 2147483647;
			files = (
				5D42DA1E270BE0560055D1E4 /* InteractiveGridApp.swift in Sources */,
				5D42DA1C270BE0440055D1E4 /* ContentView.swift in Sources */,
				5D42DA17270BE00D0055D1E4 /* Model.swift in Sources */,
				5D42DA14270BE00D0055D1E4 /* DynamicLayoutGroupProvider.swift in Sources */,
				5D42DA16270BE00D0055D1E4 /* InteractiveGridViewController.swift in Sources */,
				5D42DA15270BE00D0055D1E4 /* InteractiveGridViewControllerRepresentable.swift in Sources */,
				5D42DA13270BE00D0055D1E4 /* DefaultDynamicLayoutGroupProvider.swift in Sources */,
				5D921DDE2853FF59007C0EE4 /* GridCell.swift in Sources */,
				5DA31B7F29540658004F5C97 /* DefaultDynamicLayoutGroupProvider+DragStateChange.swift in Sources */,
				5D42DA18270BE00D0055D1E4 /* GridCollectionViewCell.swift in Sources */,
			);
			runOnlyForDeploymentPostprocessing = 0;
		};
		5D6FD1E2286F6F6C008F2487 /* Sources */ = {
			isa = PBXSourcesBuildPhase;
			buildActionMask = 2147483647;
			files = (
				5D6FD1E9286F6F6C008F2487 /* main.swift in Sources */,
			);
			runOnlyForDeploymentPostprocessing = 0;
		};
/* End PBXSourcesBuildPhase section */

/* Begin PBXTargetDependency section */
		5D341764294FB24F00654BA6 /* PBXTargetDependency */ = {
			isa = PBXTargetDependency;
			target = 5D42D9EB270BDF340055D1E4 /* InteractiveGrid-UIKit */;
			targetProxy = 5D341763294FB24F00654BA6 /* PBXContainerItemProxy */;
		};
/* End PBXTargetDependency section */

/* Begin XCBuildConfiguration section */
		5D07C934286F20B0009DE34B /* Debug */ = {
			isa = XCBuildConfiguration;
			buildSettings = {
				ASSETCATALOG_COMPILER_APPICON_NAME = AppIcon;
				ASSETCATALOG_COMPILER_GLOBAL_ACCENT_COLOR_NAME = AccentColor;
				CODE_SIGN_ENTITLEMENTS = "InteractiveGrid-SwiftUI/InteractiveGrid_SwiftUI.entitlements";
				CODE_SIGN_IDENTITY = "-";
				CODE_SIGN_STYLE = Automatic;
				CURRENT_PROJECT_VERSION = 1;
				DEAD_CODE_STRIPPING = YES;
				DEVELOPMENT_ASSET_PATHS = "\"InteractiveGrid-SwiftUI/Preview Content\"";
				DEVELOPMENT_TEAM = KC5B683642;
				ENABLE_HARDENED_RUNTIME = YES;
				ENABLE_PREVIEWS = YES;
				GENERATE_INFOPLIST_FILE = YES;
				"INFOPLIST_KEY_UILaunchScreen_Generation[sdk=iphoneos*]" = YES;
				"INFOPLIST_KEY_UILaunchScreen_Generation[sdk=iphonesimulator*]" = YES;
				INFOPLIST_KEY_UISupportedInterfaceOrientations_iPad = "UIInterfaceOrientationPortrait UIInterfaceOrientationPortraitUpsideDown UIInterfaceOrientationLandscapeLeft UIInterfaceOrientationLandscapeRight";
				INFOPLIST_KEY_UISupportedInterfaceOrientations_iPhone = "UIInterfaceOrientationPortrait UIInterfaceOrientationLandscapeLeft UIInterfaceOrientationLandscapeRight";
				IPHONEOS_DEPLOYMENT_TARGET = 16.0;
				LD_RUNPATH_SEARCH_PATHS = "@executable_path/Frameworks";
				"LD_RUNPATH_SEARCH_PATHS[sdk=macosx*]" = "@executable_path/../Frameworks";
				MACOSX_DEPLOYMENT_TARGET = 13.0;
				MARKETING_VERSION = 1.0;
				PRODUCT_BUNDLE_IDENTIFIER = "com.highrailcompany.InteractiveGrid-SwiftUI";
				PRODUCT_NAME = "$(TARGET_NAME)";
				SDKROOT = auto;
				SUPPORTED_PLATFORMS = "iphoneos iphonesimulator";
				SUPPORTS_MACCATALYST = NO;
				SUPPORTS_MAC_DESIGNED_FOR_IPHONE_IPAD = NO;
				SWIFT_EMIT_LOC_STRINGS = YES;
				SWIFT_VERSION = 5.0;
				TARGETED_DEVICE_FAMILY = "1,2";
			};
			name = Debug;
		};
		5D07C935286F20B0009DE34B /* Release */ = {
			isa = XCBuildConfiguration;
			buildSettings = {
				ASSETCATALOG_COMPILER_APPICON_NAME = AppIcon;
				ASSETCATALOG_COMPILER_GLOBAL_ACCENT_COLOR_NAME = AccentColor;
				CODE_SIGN_ENTITLEMENTS = "InteractiveGrid-SwiftUI/InteractiveGrid_SwiftUI.entitlements";
				CODE_SIGN_IDENTITY = "-";
				CODE_SIGN_STYLE = Automatic;
				CURRENT_PROJECT_VERSION = 1;
				DEAD_CODE_STRIPPING = YES;
				DEVELOPMENT_ASSET_PATHS = "\"InteractiveGrid-SwiftUI/Preview Content\"";
				DEVELOPMENT_TEAM = KC5B683642;
				ENABLE_HARDENED_RUNTIME = YES;
				ENABLE_PREVIEWS = YES;
				GENERATE_INFOPLIST_FILE = YES;
				"INFOPLIST_KEY_UILaunchScreen_Generation[sdk=iphoneos*]" = YES;
				"INFOPLIST_KEY_UILaunchScreen_Generation[sdk=iphonesimulator*]" = YES;
				INFOPLIST_KEY_UISupportedInterfaceOrientations_iPad = "UIInterfaceOrientationPortrait UIInterfaceOrientationPortraitUpsideDown UIInterfaceOrientationLandscapeLeft UIInterfaceOrientationLandscapeRight";
				INFOPLIST_KEY_UISupportedInterfaceOrientations_iPhone = "UIInterfaceOrientationPortrait UIInterfaceOrientationLandscapeLeft UIInterfaceOrientationLandscapeRight";
				IPHONEOS_DEPLOYMENT_TARGET = 16.0;
				LD_RUNPATH_SEARCH_PATHS = "@executable_path/Frameworks";
				"LD_RUNPATH_SEARCH_PATHS[sdk=macosx*]" = "@executable_path/../Frameworks";
				MACOSX_DEPLOYMENT_TARGET = 13.0;
				MARKETING_VERSION = 1.0;
				PRODUCT_BUNDLE_IDENTIFIER = "com.highrailcompany.InteractiveGrid-SwiftUI";
				PRODUCT_NAME = "$(TARGET_NAME)";
				SDKROOT = auto;
				SUPPORTED_PLATFORMS = "iphoneos iphonesimulator";
				SUPPORTS_MACCATALYST = NO;
				SUPPORTS_MAC_DESIGNED_FOR_IPHONE_IPAD = NO;
				SWIFT_EMIT_LOC_STRINGS = YES;
				SWIFT_VERSION = 5.0;
				TARGETED_DEVICE_FAMILY = "1,2";
			};
			name = Release;
		};
		5D341766294FB24F00654BA6 /* Debug */ = {
			isa = XCBuildConfiguration;
			buildSettings = {
				BUNDLE_LOADER = "$(TEST_HOST)";
				CLANG_CXX_LANGUAGE_STANDARD = "gnu++20";
				CODE_SIGN_STYLE = Automatic;
				CURRENT_PROJECT_VERSION = 1;
				DEVELOPMENT_TEAM = KC5B683642;
				GENERATE_INFOPLIST_FILE = YES;
				IPHONEOS_DEPLOYMENT_TARGET = 16.2;
				MARKETING_VERSION = 1.0;
				PRODUCT_BUNDLE_IDENTIFIER = "com.highrailcompany.InteractiveGrid-UIKitTests";
				PRODUCT_NAME = "$(TARGET_NAME)";
				SWIFT_EMIT_LOC_STRINGS = NO;
				SWIFT_VERSION = 5.0;
				TARGETED_DEVICE_FAMILY = "1,2";
				TEST_HOST = "$(BUILT_PRODUCTS_DIR)/InteractiveGrid-UIKit.app/$(BUNDLE_EXECUTABLE_FOLDER_PATH)/InteractiveGrid-UIKit";
			};
			name = Debug;
		};
		5D341767294FB24F00654BA6 /* Release */ = {
			isa = XCBuildConfiguration;
			buildSettings = {
				BUNDLE_LOADER = "$(TEST_HOST)";
				CLANG_CXX_LANGUAGE_STANDARD = "gnu++20";
				CODE_SIGN_STYLE = Automatic;
				CURRENT_PROJECT_VERSION = 1;
				DEVELOPMENT_TEAM = KC5B683642;
				GENERATE_INFOPLIST_FILE = YES;
				IPHONEOS_DEPLOYMENT_TARGET = 16.2;
				MARKETING_VERSION = 1.0;
				PRODUCT_BUNDLE_IDENTIFIER = "com.highrailcompany.InteractiveGrid-UIKitTests";
				PRODUCT_NAME = "$(TARGET_NAME)";
				SWIFT_EMIT_LOC_STRINGS = NO;
				SWIFT_VERSION = 5.0;
				TARGETED_DEVICE_FAMILY = "1,2";
				TEST_HOST = "$(BUILT_PRODUCTS_DIR)/InteractiveGrid-UIKit.app/$(BUNDLE_EXECUTABLE_FOLDER_PATH)/InteractiveGrid-UIKit";
			};
			name = Release;
		};
		5D42D9F8270BDF350055D1E4 /* Debug */ = {
			isa = XCBuildConfiguration;
			buildSettings = {
				ALWAYS_SEARCH_USER_PATHS = NO;
				CLANG_ANALYZER_NONNULL = YES;
				CLANG_ANALYZER_NUMBER_OBJECT_CONVERSION = YES_AGGRESSIVE;
				CLANG_CXX_LANGUAGE_STANDARD = "gnu++17";
				CLANG_CXX_LIBRARY = "libc++";
				CLANG_ENABLE_MODULES = YES;
				CLANG_ENABLE_OBJC_ARC = YES;
				CLANG_ENABLE_OBJC_WEAK = YES;
				CLANG_WARN_BLOCK_CAPTURE_AUTORELEASING = YES;
				CLANG_WARN_BOOL_CONVERSION = YES;
				CLANG_WARN_COMMA = YES;
				CLANG_WARN_CONSTANT_CONVERSION = YES;
				CLANG_WARN_DEPRECATED_OBJC_IMPLEMENTATIONS = YES;
				CLANG_WARN_DIRECT_OBJC_ISA_USAGE = YES_ERROR;
				CLANG_WARN_DOCUMENTATION_COMMENTS = YES;
				CLANG_WARN_EMPTY_BODY = YES;
				CLANG_WARN_ENUM_CONVERSION = YES;
				CLANG_WARN_INFINITE_RECURSION = YES;
				CLANG_WARN_INT_CONVERSION = YES;
				CLANG_WARN_NON_LITERAL_NULL_CONVERSION = YES;
				CLANG_WARN_OBJC_IMPLICIT_RETAIN_SELF = YES;
				CLANG_WARN_OBJC_LITERAL_CONVERSION = YES;
				CLANG_WARN_OBJC_ROOT_CLASS = YES_ERROR;
				CLANG_WARN_QUOTED_INCLUDE_IN_FRAMEWORK_HEADER = YES;
				CLANG_WARN_RANGE_LOOP_ANALYSIS = YES;
				CLANG_WARN_STRICT_PROTOTYPES = YES;
				CLANG_WARN_SUSPICIOUS_MOVE = YES;
				CLANG_WARN_UNGUARDED_AVAILABILITY = YES_AGGRESSIVE;
				CLANG_WARN_UNREACHABLE_CODE = YES;
				CLANG_WARN__DUPLICATE_METHOD_MATCH = YES;
				COPY_PHASE_STRIP = NO;
				DEBUG_INFORMATION_FORMAT = dwarf;
				ENABLE_STRICT_OBJC_MSGSEND = YES;
				ENABLE_TESTABILITY = YES;
				GCC_C_LANGUAGE_STANDARD = gnu11;
				GCC_DYNAMIC_NO_PIC = NO;
				GCC_NO_COMMON_BLOCKS = YES;
				GCC_OPTIMIZATION_LEVEL = 0;
				GCC_PREPROCESSOR_DEFINITIONS = (
					"DEBUG=1",
					"$(inherited)",
				);
				GCC_WARN_64_TO_32_BIT_CONVERSION = YES;
				GCC_WARN_ABOUT_RETURN_TYPE = YES_ERROR;
				GCC_WARN_UNDECLARED_SELECTOR = YES;
				GCC_WARN_UNINITIALIZED_AUTOS = YES_AGGRESSIVE;
				GCC_WARN_UNUSED_FUNCTION = YES;
				GCC_WARN_UNUSED_VARIABLE = YES;
				MTL_ENABLE_DEBUG_INFO = INCLUDE_SOURCE;
				MTL_FAST_MATH = YES;
				ONLY_ACTIVE_ARCH = YES;
				SDKROOT = iphoneos;
				SWIFT_ACTIVE_COMPILATION_CONDITIONS = DEBUG;
				SWIFT_OPTIMIZATION_LEVEL = "-Onone";
				TARGETED_DEVICE_FAMILY = "1,2";
			};
			name = Debug;
		};
		5D42D9F9270BDF350055D1E4 /* Release */ = {
			isa = XCBuildConfiguration;
			buildSettings = {
				ALWAYS_SEARCH_USER_PATHS = NO;
				CLANG_ANALYZER_NONNULL = YES;
				CLANG_ANALYZER_NUMBER_OBJECT_CONVERSION = YES_AGGRESSIVE;
				CLANG_CXX_LANGUAGE_STANDARD = "gnu++17";
				CLANG_CXX_LIBRARY = "libc++";
				CLANG_ENABLE_MODULES = YES;
				CLANG_ENABLE_OBJC_ARC = YES;
				CLANG_ENABLE_OBJC_WEAK = YES;
				CLANG_WARN_BLOCK_CAPTURE_AUTORELEASING = YES;
				CLANG_WARN_BOOL_CONVERSION = YES;
				CLANG_WARN_COMMA = YES;
				CLANG_WARN_CONSTANT_CONVERSION = YES;
				CLANG_WARN_DEPRECATED_OBJC_IMPLEMENTATIONS = YES;
				CLANG_WARN_DIRECT_OBJC_ISA_USAGE = YES_ERROR;
				CLANG_WARN_DOCUMENTATION_COMMENTS = YES;
				CLANG_WARN_EMPTY_BODY = YES;
				CLANG_WARN_ENUM_CONVERSION = YES;
				CLANG_WARN_INFINITE_RECURSION = YES;
				CLANG_WARN_INT_CONVERSION = YES;
				CLANG_WARN_NON_LITERAL_NULL_CONVERSION = YES;
				CLANG_WARN_OBJC_IMPLICIT_RETAIN_SELF = YES;
				CLANG_WARN_OBJC_LITERAL_CONVERSION = YES;
				CLANG_WARN_OBJC_ROOT_CLASS = YES_ERROR;
				CLANG_WARN_QUOTED_INCLUDE_IN_FRAMEWORK_HEADER = YES;
				CLANG_WARN_RANGE_LOOP_ANALYSIS = YES;
				CLANG_WARN_STRICT_PROTOTYPES = YES;
				CLANG_WARN_SUSPICIOUS_MOVE = YES;
				CLANG_WARN_UNGUARDED_AVAILABILITY = YES_AGGRESSIVE;
				CLANG_WARN_UNREACHABLE_CODE = YES;
				CLANG_WARN__DUPLICATE_METHOD_MATCH = YES;
				COPY_PHASE_STRIP = NO;
				DEBUG_INFORMATION_FORMAT = "dwarf-with-dsym";
				ENABLE_NS_ASSERTIONS = NO;
				ENABLE_STRICT_OBJC_MSGSEND = YES;
				GCC_C_LANGUAGE_STANDARD = gnu11;
				GCC_NO_COMMON_BLOCKS = YES;
				GCC_WARN_64_TO_32_BIT_CONVERSION = YES;
				GCC_WARN_ABOUT_RETURN_TYPE = YES_ERROR;
				GCC_WARN_UNDECLARED_SELECTOR = YES;
				GCC_WARN_UNINITIALIZED_AUTOS = YES_AGGRESSIVE;
				GCC_WARN_UNUSED_FUNCTION = YES;
				GCC_WARN_UNUSED_VARIABLE = YES;
				MTL_ENABLE_DEBUG_INFO = NO;
				MTL_FAST_MATH = YES;
				SDKROOT = iphoneos;
				SWIFT_COMPILATION_MODE = wholemodule;
				SWIFT_OPTIMIZATION_LEVEL = "-O";
				TARGETED_DEVICE_FAMILY = "1,2";
				VALIDATE_PRODUCT = YES;
			};
			name = Release;
		};
		5D42D9FB270BDF350055D1E4 /* Debug */ = {
			isa = XCBuildConfiguration;
			buildSettings = {
				ASSETCATALOG_COMPILER_APPICON_NAME = AppIcon;
				ASSETCATALOG_COMPILER_GLOBAL_ACCENT_COLOR_NAME = AccentColor;
				CLANG_ENABLE_MODULES = YES;
				CODE_SIGN_STYLE = Automatic;
				CURRENT_PROJECT_VERSION = 1;
				DEVELOPMENT_ASSET_PATHS = "\"InteractiveGrid-UIKit/Preview Content\"";
				DEVELOPMENT_TEAM = KC5B683642;
				ENABLE_PREVIEWS = YES;
				GENERATE_INFOPLIST_FILE = YES;
				INFOPLIST_KEY_UIApplicationSceneManifest_Generation = YES;
				INFOPLIST_KEY_UIApplicationSupportsIndirectInputEvents = YES;
				INFOPLIST_KEY_UILaunchScreen_Generation = YES;
				INFOPLIST_KEY_UISupportedInterfaceOrientations_iPad = "UIInterfaceOrientationPortrait UIInterfaceOrientationPortraitUpsideDown UIInterfaceOrientationLandscapeLeft UIInterfaceOrientationLandscapeRight";
				INFOPLIST_KEY_UISupportedInterfaceOrientations_iPhone = "UIInterfaceOrientationPortrait UIInterfaceOrientationLandscapeLeft UIInterfaceOrientationLandscapeRight";
				IPHONEOS_DEPLOYMENT_TARGET = 16.0;
				LD_RUNPATH_SEARCH_PATHS = (
					"$(inherited)",
					"@executable_path/Frameworks",
				);
				MARKETING_VERSION = 1.0;
				PRODUCT_BUNDLE_IDENTIFIER = com.highrailcompany.InteractiveGrid;
				PRODUCT_NAME = "$(TARGET_NAME)";
				SWIFT_EMIT_LOC_STRINGS = YES;
				SWIFT_OPTIMIZATION_LEVEL = "-Onone";
				SWIFT_VERSION = 5.0;
				TARGETED_DEVICE_FAMILY = "1,2";
			};
			name = Debug;
		};
		5D42D9FC270BDF350055D1E4 /* Release */ = {
			isa = XCBuildConfiguration;
			buildSettings = {
				ASSETCATALOG_COMPILER_APPICON_NAME = AppIcon;
				ASSETCATALOG_COMPILER_GLOBAL_ACCENT_COLOR_NAME = AccentColor;
				CLANG_ENABLE_MODULES = YES;
				CODE_SIGN_STYLE = Automatic;
				CURRENT_PROJECT_VERSION = 1;
				DEVELOPMENT_ASSET_PATHS = "\"InteractiveGrid-UIKit/Preview Content\"";
				DEVELOPMENT_TEAM = KC5B683642;
				ENABLE_PREVIEWS = YES;
				GENERATE_INFOPLIST_FILE = YES;
				INFOPLIST_KEY_UIApplicationSceneManifest_Generation = YES;
				INFOPLIST_KEY_UIApplicationSupportsIndirectInputEvents = YES;
				INFOPLIST_KEY_UILaunchScreen_Generation = YES;
				INFOPLIST_KEY_UISupportedInterfaceOrientations_iPad = "UIInterfaceOrientationPortrait UIInterfaceOrientationPortraitUpsideDown UIInterfaceOrientationLandscapeLeft UIInterfaceOrientationLandscapeRight";
				INFOPLIST_KEY_UISupportedInterfaceOrientations_iPhone = "UIInterfaceOrientationPortrait UIInterfaceOrientationLandscapeLeft UIInterfaceOrientationLandscapeRight";
				IPHONEOS_DEPLOYMENT_TARGET = 16.0;
				LD_RUNPATH_SEARCH_PATHS = (
					"$(inherited)",
					"@executable_path/Frameworks",
				);
				MARKETING_VERSION = 1.0;
				PRODUCT_BUNDLE_IDENTIFIER = com.highrailcompany.InteractiveGrid;
				PRODUCT_NAME = "$(TARGET_NAME)";
				SWIFT_EMIT_LOC_STRINGS = YES;
				SWIFT_VERSION = 5.0;
				TARGETED_DEVICE_FAMILY = "1,2";
			};
			name = Release;
		};
		5D6FD1EA286F6F6C008F2487 /* Debug */ = {
			isa = XCBuildConfiguration;
			buildSettings = {
				CODE_SIGN_IDENTITY = "-";
				CODE_SIGN_STYLE = Automatic;
				DEAD_CODE_STRIPPING = YES;
				DEVELOPMENT_TEAM = KC5B683642;
				ENABLE_HARDENED_RUNTIME = YES;
				MACOSX_DEPLOYMENT_TARGET = 12.4;
				PRODUCT_NAME = "$(TARGET_NAME)";
				SDKROOT = macosx;
				SWIFT_VERSION = 5.0;
			};
			name = Debug;
		};
		5D6FD1EB286F6F6C008F2487 /* Release */ = {
			isa = XCBuildConfiguration;
			buildSettings = {
				CODE_SIGN_IDENTITY = "-";
				CODE_SIGN_STYLE = Automatic;
				DEAD_CODE_STRIPPING = YES;
				DEVELOPMENT_TEAM = KC5B683642;
				ENABLE_HARDENED_RUNTIME = YES;
				MACOSX_DEPLOYMENT_TARGET = 12.4;
				PRODUCT_NAME = "$(TARGET_NAME)";
				SDKROOT = macosx;
				SWIFT_VERSION = 5.0;
			};
			name = Release;
		};
/* End XCBuildConfiguration section */

/* Begin XCConfigurationList section */
		5D07C933286F20B0009DE34B /* Build configuration list for PBXNativeTarget "InteractiveGrid-SwiftUI" */ = {
			isa = XCConfigurationList;
			buildConfigurations = (
				5D07C934286F20B0009DE34B /* Debug */,
				5D07C935286F20B0009DE34B /* Release */,
			);
			defaultConfigurationIsVisible = 0;
			defaultConfigurationName = Release;
		};
		5D341765294FB24F00654BA6 /* Build configuration list for PBXNativeTarget "InteractiveGrid-UIKitTests" */ = {
			isa = XCConfigurationList;
			buildConfigurations = (
				5D341766294FB24F00654BA6 /* Debug */,
				5D341767294FB24F00654BA6 /* Release */,
			);
			defaultConfigurationIsVisible = 0;
			defaultConfigurationName = Release;
		};
		5D42D9E7270BDF340055D1E4 /* Build configuration list for PBXProject "InteractiveGrid" */ = {
			isa = XCConfigurationList;
			buildConfigurations = (
				5D42D9F8270BDF350055D1E4 /* Debug */,
				5D42D9F9270BDF350055D1E4 /* Release */,
			);
			defaultConfigurationIsVisible = 0;
			defaultConfigurationName = Release;
		};
		5D42D9FA270BDF350055D1E4 /* Build configuration list for PBXNativeTarget "InteractiveGrid-UIKit" */ = {
			isa = XCConfigurationList;
			buildConfigurations = (
				5D42D9FB270BDF350055D1E4 /* Debug */,
				5D42D9FC270BDF350055D1E4 /* Release */,
			);
			defaultConfigurationIsVisible = 0;
			defaultConfigurationName = Release;
		};
		5D6FD1EC286F6F6C008F2487 /* Build configuration list for PBXNativeTarget "Playground" */ = {
			isa = XCConfigurationList;
			buildConfigurations = (
				5D6FD1EA286F6F6C008F2487 /* Debug */,
				5D6FD1EB286F6F6C008F2487 /* Release */,
			);
			defaultConfigurationIsVisible = 0;
			defaultConfigurationName = Release;
		};
/* End XCConfigurationList section */

/* Begin XCRemoteSwiftPackageReference section */
		5D07C939286F2810009DE34B /* XCRemoteSwiftPackageReference "swift-collections" */ = {
			isa = XCRemoteSwiftPackageReference;
			repositoryURL = "https://github.com/apple/swift-collections.git";
			requirement = {
				kind = upToNextMajorVersion;
				minimumVersion = 1.0.0;
			};
		};
		5D6FD1F0286F7001008F2487 /* XCRemoteSwiftPackageReference "swift-algorithms" */ = {
			isa = XCRemoteSwiftPackageReference;
			repositoryURL = "https://github.com/apple/swift-algorithms.git";
			requirement = {
				kind = upToNextMajorVersion;
				minimumVersion = 1.0.0;
			};
		};
/* End XCRemoteSwiftPackageReference section */

/* Begin XCSwiftPackageProductDependency section */
		5D07C93A286F2810009DE34B /* Collections */ = {
			isa = XCSwiftPackageProductDependency;
			package = 5D07C939286F2810009DE34B /* XCRemoteSwiftPackageReference "swift-collections" */;
			productName = Collections;
		};
		5D341759294FA57200654BA6 /* Algorithms */ = {
			isa = XCSwiftPackageProductDependency;
			package = 5D6FD1F0286F7001008F2487 /* XCRemoteSwiftPackageReference "swift-algorithms" */;
			productName = Algorithms;
		};
		5D6FD1EE286F6FBD008F2487 /* Collections */ = {
			isa = XCSwiftPackageProductDependency;
			package = 5D07C939286F2810009DE34B /* XCRemoteSwiftPackageReference "swift-collections" */;
			productName = Collections;
		};
		5D6FD1F1286F7001008F2487 /* Algorithms */ = {
			isa = XCSwiftPackageProductDependency;
			package = 5D6FD1F0286F7001008F2487 /* XCRemoteSwiftPackageReference "swift-algorithms" */;
			productName = Algorithms;
		};
		5DAFABDB286F91BA00D72C07 /* Algorithms */ = {
			isa = XCSwiftPackageProductDependency;
			package = 5D6FD1F0286F7001008F2487 /* XCRemoteSwiftPackageReference "swift-algorithms" */;
			productName = Algorithms;
		};
/* End XCSwiftPackageProductDependency section */
	};
	rootObject = 5D42D9E4270BDF340055D1E4 /* Project object */;
}
