// !$*UTF8*$!
{
	archiveVersion = 1;
	classes = {
	};
	objectVersion = 55;
	objects = {

/* Begin PBXBuildFile section */
		5D42D9F4270BDF350055D1E4 /* Assets.xcassets in Resources */ = {isa = PBXBuildFile; fileRef = 5D42D9F3270BDF350055D1E4 /* Assets.xcassets */; };
		5D42D9F7270BDF350055D1E4 /* Preview Assets.xcassets in Resources */ = {isa = PBXBuildFile; fileRef = 5D42D9F6270BDF350055D1E4 /* Preview Assets.xcassets */; };
		5D42DA13270BE00D0055D1E4 /* DefaultDynamicLayoutGroupProvider.swift in Sources */ = {isa = PBXBuildFile; fileRef = 5D42DA0D270BE00C0055D1E4 /* DefaultDynamicLayoutGroupProvider.swift */; };
		5D42DA14270BE00D0055D1E4 /* DynamicLayoutGroupProvider.swift in Sources */ = {isa = PBXBuildFile; fileRef = 5D42DA0E270BE00D0055D1E4 /* DynamicLayoutGroupProvider.swift */; };
		5D42DA15270BE00D0055D1E4 /* InteractiveGridViewControllerRepresentable.swift in Sources */ = {isa = PBXBuildFile; fileRef = 5D42DA0F270BE00D0055D1E4 /* InteractiveGridViewControllerRepresentable.swift */; };
		5D42DA16270BE00D0055D1E4 /* InteractiveGridViewController.swift in Sources */ = {isa = PBXBuildFile; fileRef = 5D42DA10270BE00D0055D1E4 /* InteractiveGridViewController.swift */; };
		5D42DA17270BE00D0055D1E4 /* Model.swift in Sources */ = {isa = PBXBuildFile; fileRef = 5D42DA11270BE00D0055D1E4 /* Model.swift */; };
		5D42DA18270BE00D0055D1E4 /* GridCollectionViewCell.swift in Sources */ = {isa = PBXBuildFile; fileRef = 5D42DA12270BE00D0055D1E4 /* GridCollectionViewCell.swift */; };
		5D42DA1C270BE0440055D1E4 /* ContentView.swift in Sources */ = {isa = PBXBuildFile; fileRef = 5D42DA1B270BE0440055D1E4 /* ContentView.swift */; };
		5D42DA1E270BE0560055D1E4 /* InteractiveGridApp.swift in Sources */ = {isa = PBXBuildFile; fileRef = 5D42DA1D270BE0560055D1E4 /* InteractiveGridApp.swift */; };
		5D921DDE2853FF59007C0EE4 /* GridCell.swift in Sources */ = {isa = PBXBuildFile; fileRef = 5D921DDD2853FF59007C0EE4 /* GridCell.swift */; };
		5DDC6446270DDFDD0059AA6D /* README.md in Resources */ = {isa = PBXBuildFile; fileRef = 5DDC6445270DDFDD0059AA6D /* README.md */; };
/* End PBXBuildFile section */

/* Begin PBXFileReference section */
		5D42D9EC270BDF340055D1E4 /* InteractiveGrid.app */ = {isa = PBXFileReference; explicitFileType = wrapper.application; includeInIndex = 0; path = InteractiveGrid.app; sourceTree = BUILT_PRODUCTS_DIR; };
		5D42D9F3270BDF350055D1E4 /* Assets.xcassets */ = {isa = PBXFileReference; lastKnownFileType = folder.assetcatalog; path = Assets.xcassets; sourceTree = "<group>"; };
		5D42D9F6270BDF350055D1E4 /* Preview Assets.xcassets */ = {isa = PBXFileReference; lastKnownFileType = folder.assetcatalog; path = "Preview Assets.xcassets"; sourceTree = "<group>"; };
		5D42DA0D270BE00C0055D1E4 /* DefaultDynamicLayoutGroupProvider.swift */ = {isa = PBXFileReference; fileEncoding = 4; lastKnownFileType = sourcecode.swift; path = DefaultDynamicLayoutGroupProvider.swift; sourceTree = "<group>"; };
		5D42DA0E270BE00D0055D1E4 /* DynamicLayoutGroupProvider.swift */ = {isa = PBXFileReference; fileEncoding = 4; lastKnownFileType = sourcecode.swift; path = DynamicLayoutGroupProvider.swift; sourceTree = "<group>"; };
		5D42DA0F270BE00D0055D1E4 /* InteractiveGridViewControllerRepresentable.swift */ = {isa = PBXFileReference; fileEncoding = 4; lastKnownFileType = sourcecode.swift; path = InteractiveGridViewControllerRepresentable.swift; sourceTree = "<group>"; };
		5D42DA10270BE00D0055D1E4 /* InteractiveGridViewController.swift */ = {isa = PBXFileReference; fileEncoding = 4; lastKnownFileType = sourcecode.swift; path = InteractiveGridViewController.swift; sourceTree = "<group>"; };
		5D42DA11270BE00D0055D1E4 /* Model.swift */ = {isa = PBXFileReference; fileEncoding = 4; lastKnownFileType = sourcecode.swift; path = Model.swift; sourceTree = "<group>"; };
		5D42DA12270BE00D0055D1E4 /* GridCollectionViewCell.swift */ = {isa = PBXFileReference; fileEncoding = 4; lastKnownFileType = sourcecode.swift; path = GridCollectionViewCell.swift; sourceTree = "<group>"; };
		5D42DA1B270BE0440055D1E4 /* ContentView.swift */ = {isa = PBXFileReference; fileEncoding = 4; lastKnownFileType = sourcecode.swift; path = ContentView.swift; sourceTree = "<group>"; };
		5D42DA1D270BE0560055D1E4 /* InteractiveGridApp.swift */ = {isa = PBXFileReference; fileEncoding = 4; lastKnownFileType = sourcecode.swift; path = InteractiveGridApp.swift; sourceTree = "<group>"; };
		5D921DDD2853FF59007C0EE4 /* GridCell.swift */ = {isa = PBXFileReference; lastKnownFileType = sourcecode.swift; path = GridCell.swift; sourceTree = "<group>"; };
		5DDC6445270DDFDD0059AA6D /* README.md */ = {isa = PBXFileReference; fileEncoding = 4; lastKnownFileType = net.daringfireball.markdown; name = README.md; path = ../README.md; sourceTree = "<group>"; };
/* End PBXFileReference section */

/* Begin PBXFrameworksBuildPhase section */
		5D42D9E9270BDF340055D1E4 /* Frameworks */ = {
			isa = PBXFrameworksBuildPhase;
			buildActionMask = 2147483647;
			files = (
			);
			runOnlyForDeploymentPostprocessing = 0;
		};
/* End PBXFrameworksBuildPhase section */

/* Begin PBXGroup section */
		5D42D9E3270BDF340055D1E4 = {
			isa = PBXGroup;
			children = (
				5DDC6445270DDFDD0059AA6D /* README.md */,
				5D42D9EE270BDF340055D1E4 /* InteractiveGrid */,
				5D42D9ED270BDF340055D1E4 /* Products */,
			);
			sourceTree = "<group>";
		};
		5D42D9ED270BDF340055D1E4 /* Products */ = {
			isa = PBXGroup;
			children = (
				5D42D9EC270BDF340055D1E4 /* InteractiveGrid.app */,
			);
			name = Products;
			sourceTree = "<group>";
		};
		5D42D9EE270BDF340055D1E4 /* InteractiveGrid */ = {
			isa = PBXGroup;
			children = (
				5D42DA1D270BE0560055D1E4 /* InteractiveGridApp.swift */,
				5D42DA1B270BE0440055D1E4 /* ContentView.swift */,
				5D42DA10270BE00D0055D1E4 /* InteractiveGridViewController.swift */,
				5D42DA0F270BE00D0055D1E4 /* InteractiveGridViewControllerRepresentable.swift */,
				5D42DA0E270BE00D0055D1E4 /* DynamicLayoutGroupProvider.swift */,
				5D42DA0D270BE00C0055D1E4 /* DefaultDynamicLayoutGroupProvider.swift */,
				5D42DA12270BE00D0055D1E4 /* GridCollectionViewCell.swift */,
				5D921DDD2853FF59007C0EE4 /* GridCell.swift */,
				5D42DA11270BE00D0055D1E4 /* Model.swift */,
				5D42D9F3270BDF350055D1E4 /* Assets.xcassets */,
				5D42D9F5270BDF350055D1E4 /* Preview Content */,
			);
			path = InteractiveGrid;
			sourceTree = "<group>";
		};
		5D42D9F5270BDF350055D1E4 /* Preview Content */ = {
			isa = PBXGroup;
			children = (
				5D42D9F6270BDF350055D1E4 /* Preview Assets.xcassets */,
			);
			path = "Preview Content";
			sourceTree = "<group>";
		};
/* End PBXGroup section */

/* Begin PBXNativeTarget section */
		5D42D9EB270BDF340055D1E4 /* InteractiveGrid */ = {
			isa = PBXNativeTarget;
			buildConfigurationList = 5D42D9FA270BDF350055D1E4 /* Build configuration list for PBXNativeTarget "InteractiveGrid" */;
			buildPhases = (
				5D42D9E8270BDF340055D1E4 /* Sources */,
				5D42D9E9270BDF340055D1E4 /* Frameworks */,
				5D42D9EA270BDF340055D1E4 /* Resources */,
			);
			buildRules = (
			);
			dependencies = (
			);
			name = InteractiveGrid;
			productName = InteractiveGrid;
			productReference = 5D42D9EC270BDF340055D1E4 /* InteractiveGrid.app */;
			productType = "com.apple.product-type.application";
		};
/* End PBXNativeTarget section */

/* Begin PBXProject section */
		5D42D9E4270BDF340055D1E4 /* Project object */ = {
			isa = PBXProject;
			attributes = {
				BuildIndependentTargetsInParallel = 1;
				LastSwiftUpdateCheck = 1300;
				LastUpgradeCheck = 1300;
				TargetAttributes = {
					5D42D9EB270BDF340055D1E4 = {
						CreatedOnToolsVersion = 13.0;
						LastSwiftMigration = 1300;
					};
				};
			};
			buildConfigurationList = 5D42D9E7270BDF340055D1E4 /* Build configuration list for PBXProject "InteractiveGrid" */;
			compatibilityVersion = "Xcode 13.0";
			developmentRegion = en;
			hasScannedForEncodings = 0;
			knownRegions = (
				en,
				Base,
			);
			mainGroup = 5D42D9E3270BDF340055D1E4;
			productRefGroup = 5D42D9ED270BDF340055D1E4 /* Products */;
			projectDirPath = "";
			projectRoot = "";
			targets = (
				5D42D9EB270BDF340055D1E4 /* InteractiveGrid */,
			);
		};
/* End PBXProject section */

/* Begin PBXResourcesBuildPhase section */
		5D42D9EA270BDF340055D1E4 /* Resources */ = {
			isa = PBXResourcesBuildPhase;
			buildActionMask = 2147483647;
			files = (
				5DDC6446270DDFDD0059AA6D /* README.md in Resources */,
				5D42D9F7270BDF350055D1E4 /* Preview Assets.xcassets in Resources */,
				5D42D9F4270BDF350055D1E4 /* Assets.xcassets in Resources */,
			);
			runOnlyForDeploymentPostprocessing = 0;
		};
/* End PBXResourcesBuildPhase section */

/* Begin PBXSourcesBuildPhase section */
		5D42D9E8270BDF340055D1E4 /* Sources */ = {
			isa = PBXSourcesBuildPhase;
			buildActionMask = 2147483647;
			files = (
				5D42DA1E270BE0560055D1E4 /* InteractiveGridApp.swift in Sources */,
				5D42DA1C270BE0440055D1E4 /* ContentView.swift in Sources */,
				5D42DA17270BE00D0055D1E4 /* Model.swift in Sources */,
				5D42DA14270BE00D0055D1E4 /* DynamicLayoutGroupProvider.swift in Sources */,
				5D42DA16270BE00D0055D1E4 /* InteractiveGridViewController.swift in Sources */,
				5D42DA15270BE00D0055D1E4 /* InteractiveGridViewControllerRepresentable.swift in Sources */,
				5D42DA13270BE00D0055D1E4 /* DefaultDynamicLayoutGroupProvider.swift in Sources */,
				5D921DDE2853FF59007C0EE4 /* GridCell.swift in Sources */,
				5D42DA18270BE00D0055D1E4 /* GridCollectionViewCell.swift in Sources */,
			);
			runOnlyForDeploymentPostprocessing = 0;
		};
/* End PBXSourcesBuildPhase section */

/* Begin XCBuildConfiguration section */
		5D42D9F8270BDF350055D1E4 /* Debug */ = {
			isa = XCBuildConfiguration;
			buildSettings = {
				ALWAYS_SEARCH_USER_PATHS = NO;
				CLANG_ANALYZER_NONNULL = YES;
				CLANG_ANALYZER_NUMBER_OBJECT_CONVERSION = YES_AGGRESSIVE;
				CLANG_CXX_LANGUAGE_STANDARD = "gnu++17";
				CLANG_CXX_LIBRARY = "libc++";
				CLANG_ENABLE_MODULES = YES;
				CLANG_ENABLE_OBJC_ARC = YES;
				CLANG_ENABLE_OBJC_WEAK = YES;
				CLANG_WARN_BLOCK_CAPTURE_AUTORELEASING = YES;
				CLANG_WARN_BOOL_CONVERSION = YES;
				CLANG_WARN_COMMA = YES;
				CLANG_WARN_CONSTANT_CONVERSION = YES;
				CLANG_WARN_DEPRECATED_OBJC_IMPLEMENTATIONS = YES;
				CLANG_WARN_DIRECT_OBJC_ISA_USAGE = YES_ERROR;
				CLANG_WARN_DOCUMENTATION_COMMENTS = YES;
				CLANG_WARN_EMPTY_BODY = YES;
				CLANG_WARN_ENUM_CONVERSION = YES;
				CLANG_WARN_INFINITE_RECURSION = YES;
				CLANG_WARN_INT_CONVERSION = YES;
				CLANG_WARN_NON_LITERAL_NULL_CONVERSION = YES;
				CLANG_WARN_OBJC_IMPLICIT_RETAIN_SELF = YES;
				CLANG_WARN_OBJC_LITERAL_CONVERSION = YES;
				CLANG_WARN_OBJC_ROOT_CLASS = YES_ERROR;
				CLANG_WARN_QUOTED_INCLUDE_IN_FRAMEWORK_HEADER = YES;
				CLANG_WARN_RANGE_LOOP_ANALYSIS = YES;
				CLANG_WARN_STRICT_PROTOTYPES = YES;
				CLANG_WARN_SUSPICIOUS_MOVE = YES;
				CLANG_WARN_UNGUARDED_AVAILABILITY = YES_AGGRESSIVE;
				CLANG_WARN_UNREACHABLE_CODE = YES;
				CLANG_WARN__DUPLICATE_METHOD_MATCH = YES;
				COPY_PHASE_STRIP = NO;
				DEBUG_INFORMATION_FORMAT = dwarf;
				ENABLE_STRICT_OBJC_MSGSEND = YES;
				ENABLE_TESTABILITY = YES;
				GCC_C_LANGUAGE_STANDARD = gnu11;
				GCC_DYNAMIC_NO_PIC = NO;
				GCC_NO_COMMON_BLOCKS = YES;
				GCC_OPTIMIZATION_LEVEL = 0;
				GCC_PREPROCESSOR_DEFINITIONS = (
					"DEBUG=1",
					"$(inherited)",
				);
				GCC_WARN_64_TO_32_BIT_CONVERSION = YES;
				GCC_WARN_ABOUT_RETURN_TYPE = YES_ERROR;
				GCC_WARN_UNDECLARED_SELECTOR = YES;
				GCC_WARN_UNINITIALIZED_AUTOS = YES_AGGRESSIVE;
				GCC_WARN_UNUSED_FUNCTION = YES;
				GCC_WARN_UNUSED_VARIABLE = YES;
				MTL_ENABLE_DEBUG_INFO = INCLUDE_SOURCE;
				MTL_FAST_MATH = YES;
				ONLY_ACTIVE_ARCH = YES;
				SDKROOT = iphoneos;
				SWIFT_ACTIVE_COMPILATION_CONDITIONS = DEBUG;
				SWIFT_OPTIMIZATION_LEVEL = "-Onone";
				TARGETED_DEVICE_FAMILY = "1,2";
			};
			name = Debug;
		};
		5D42D9F9270BDF350055D1E4 /* Release */ = {
			isa = XCBuildConfiguration;
			buildSettings = {
				ALWAYS_SEARCH_USER_PATHS = NO;
				CLANG_ANALYZER_NONNULL = YES;
				CLANG_ANALYZER_NUMBER_OBJECT_CONVERSION = YES_AGGRESSIVE;
				CLANG_CXX_LANGUAGE_STANDARD = "gnu++17";
				CLANG_CXX_LIBRARY = "libc++";
				CLANG_ENABLE_MODULES = YES;
				CLANG_ENABLE_OBJC_ARC = YES;
				CLANG_ENABLE_OBJC_WEAK = YES;
				CLANG_WARN_BLOCK_CAPTURE_AUTORELEASING = YES;
				CLANG_WARN_BOOL_CONVERSION = YES;
				CLANG_WARN_COMMA = YES;
				CLANG_WARN_CONSTANT_CONVERSION = YES;
				CLANG_WARN_DEPRECATED_OBJC_IMPLEMENTATIONS = YES;
				CLANG_WARN_DIRECT_OBJC_ISA_USAGE = YES_ERROR;
				CLANG_WARN_DOCUMENTATION_COMMENTS = YES;
				CLANG_WARN_EMPTY_BODY = YES;
				CLANG_WARN_ENUM_CONVERSION = YES;
				CLANG_WARN_INFINITE_RECURSION = YES;
				CLANG_WARN_INT_CONVERSION = YES;
				CLANG_WARN_NON_LITERAL_NULL_CONVERSION = YES;
				CLANG_WARN_OBJC_IMPLICIT_RETAIN_SELF = YES;
				CLANG_WARN_OBJC_LITERAL_CONVERSION = YES;
				CLANG_WARN_OBJC_ROOT_CLASS = YES_ERROR;
				CLANG_WARN_QUOTED_INCLUDE_IN_FRAMEWORK_HEADER = YES;
				CLANG_WARN_RANGE_LOOP_ANALYSIS = YES;
				CLANG_WARN_STRICT_PROTOTYPES = YES;
				CLANG_WARN_SUSPICIOUS_MOVE = YES;
				CLANG_WARN_UNGUARDED_AVAILABILITY = YES_AGGRESSIVE;
				CLANG_WARN_UNREACHABLE_CODE = YES;
				CLANG_WARN__DUPLICATE_METHOD_MATCH = YES;
				COPY_PHASE_STRIP = NO;
				DEBUG_INFORMATION_FORMAT = "dwarf-with-dsym";
				ENABLE_NS_ASSERTIONS = NO;
				ENABLE_STRICT_OBJC_MSGSEND = YES;
				GCC_C_LANGUAGE_STANDARD = gnu11;
				GCC_NO_COMMON_BLOCKS = YES;
				GCC_WARN_64_TO_32_BIT_CONVERSION = YES;
				GCC_WARN_ABOUT_RETURN_TYPE = YES_ERROR;
				GCC_WARN_UNDECLARED_SELECTOR = YES;
				GCC_WARN_UNINITIALIZED_AUTOS = YES_AGGRESSIVE;
				GCC_WARN_UNUSED_FUNCTION = YES;
				GCC_WARN_UNUSED_VARIABLE = YES;
				MTL_ENABLE_DEBUG_INFO = NO;
				MTL_FAST_MATH = YES;
				SDKROOT = iphoneos;
				SWIFT_COMPILATION_MODE = wholemodule;
				SWIFT_OPTIMIZATION_LEVEL = "-O";
				TARGETED_DEVICE_FAMILY = "1,2";
				VALIDATE_PRODUCT = YES;
			};
			name = Release;
		};
		5D42D9FB270BDF350055D1E4 /* Debug */ = {
			isa = XCBuildConfiguration;
			buildSettings = {
				ASSETCATALOG_COMPILER_APPICON_NAME = AppIcon;
				ASSETCATALOG_COMPILER_GLOBAL_ACCENT_COLOR_NAME = AccentColor;
				CLANG_ENABLE_MODULES = YES;
				CODE_SIGN_STYLE = Automatic;
				CURRENT_PROJECT_VERSION = 1;
				DEVELOPMENT_ASSET_PATHS = "\"InteractiveGrid/Preview Content\"";
				DEVELOPMENT_TEAM = KC5B683642;
				ENABLE_PREVIEWS = YES;
				GENERATE_INFOPLIST_FILE = YES;
				INFOPLIST_KEY_UIApplicationSceneManifest_Generation = YES;
				INFOPLIST_KEY_UIApplicationSupportsIndirectInputEvents = YES;
				INFOPLIST_KEY_UILaunchScreen_Generation = YES;
				INFOPLIST_KEY_UISupportedInterfaceOrientations_iPad = "UIInterfaceOrientationPortrait UIInterfaceOrientationPortraitUpsideDown UIInterfaceOrientationLandscapeLeft UIInterfaceOrientationLandscapeRight";
				INFOPLIST_KEY_UISupportedInterfaceOrientations_iPhone = "UIInterfaceOrientationPortrait UIInterfaceOrientationLandscapeLeft UIInterfaceOrientationLandscapeRight";
				IPHONEOS_DEPLOYMENT_TARGET = 16.0;
				LD_RUNPATH_SEARCH_PATHS = (
					"$(inherited)",
					"@executable_path/Frameworks",
				);
				MARKETING_VERSION = 1.0;
				PRODUCT_BUNDLE_IDENTIFIER = com.highrailcompany.InteractiveGrid;
				PRODUCT_NAME = "$(TARGET_NAME)";
				SWIFT_EMIT_LOC_STRINGS = YES;
				SWIFT_OPTIMIZATION_LEVEL = "-Onone";
				SWIFT_VERSION = 5.0;
				TARGETED_DEVICE_FAMILY = "1,2";
			};
			name = Debug;
		};
		5D42D9FC270BDF350055D1E4 /* Release */ = {
			isa = XCBuildConfiguration;
			buildSettings = {
				ASSETCATALOG_COMPILER_APPICON_NAME = AppIcon;
				ASSETCATALOG_COMPILER_GLOBAL_ACCENT_COLOR_NAME = AccentColor;
				CLANG_ENABLE_MODULES = YES;
				CODE_SIGN_STYLE = Automatic;
				CURRENT_PROJECT_VERSION = 1;
				DEVELOPMENT_ASSET_PATHS = "\"InteractiveGrid/Preview Content\"";
				DEVELOPMENT_TEAM = KC5B683642;
				ENABLE_PREVIEWS = YES;
				GENERATE_INFOPLIST_FILE = YES;
				INFOPLIST_KEY_UIApplicationSceneManifest_Generation = YES;
				INFOPLIST_KEY_UIApplicationSupportsIndirectInputEvents = YES;
				INFOPLIST_KEY_UILaunchScreen_Generation = YES;
				INFOPLIST_KEY_UISupportedInterfaceOrientations_iPad = "UIInterfaceOrientationPortrait UIInterfaceOrientationPortraitUpsideDown UIInterfaceOrientationLandscapeLeft UIInterfaceOrientationLandscapeRight";
				INFOPLIST_KEY_UISupportedInterfaceOrientations_iPhone = "UIInterfaceOrientationPortrait UIInterfaceOrientationLandscapeLeft UIInterfaceOrientationLandscapeRight";
				IPHONEOS_DEPLOYMENT_TARGET = 16.0;
				LD_RUNPATH_SEARCH_PATHS = (
					"$(inherited)",
					"@executable_path/Frameworks",
				);
				MARKETING_VERSION = 1.0;
				PRODUCT_BUNDLE_IDENTIFIER = com.highrailcompany.InteractiveGrid;
				PRODUCT_NAME = "$(TARGET_NAME)";
				SWIFT_EMIT_LOC_STRINGS = YES;
				SWIFT_VERSION = 5.0;
				TARGETED_DEVICE_FAMILY = "1,2";
			};
			name = Release;
		};
/* End XCBuildConfiguration section */

/* Begin XCConfigurationList section */
		5D42D9E7270BDF340055D1E4 /* Build configuration list for PBXProject "InteractiveGrid" */ = {
			isa = XCConfigurationList;
			buildConfigurations = (
				5D42D9F8270BDF350055D1E4 /* Debug */,
				5D42D9F9270BDF350055D1E4 /* Release */,
			);
			defaultConfigurationIsVisible = 0;
			defaultConfigurationName = Release;
		};
		5D42D9FA270BDF350055D1E4 /* Build configuration list for PBXNativeTarget "InteractiveGrid" */ = {
			isa = XCConfigurationList;
			buildConfigurations = (
				5D42D9FB270BDF350055D1E4 /* Debug */,
				5D42D9FC270BDF350055D1E4 /* Release */,
			);
			defaultConfigurationIsVisible = 0;
			defaultConfigurationName = Release;
		};
/* End XCConfigurationList section */
	};
	rootObject = 5D42D9E4270BDF340055D1E4 /* Project object */;
}
